{
    "name": "duckdb-memory-leak-test",
    "version": "1.0.0",
    "lockfileVersion": 3,
    "requires": true,
    "packages": {
        "": {
            "name": "duckdb-memory-leak-test",
            "version": "1.0.0",
            "license": "MIT",
            "dependencies": {
                "@duckdb/node-api": "^1.3.2-alpha.26"
            },
            "engines": {
                "node": ">=18.0.0"
            }
        },
        "node_modules/@duckdb/node-api": {
            "version": "1.3.2-alpha.26",
            "resolved": "https://registry.npmjs.org/@duckdb/node-api/-/node-api-1.3.2-alpha.26.tgz",
            "integrity": "sha512-2gLtgJaiguAuPbXuS4NCthbIfEHo72FIF9514FKxg7sYY0gGJP1DgCpvBKdisyhWtBkNJ+jjn2p2PmRqkgZabQ==",
            "license": "MIT",
            "dependencies": {
                "@duckdb/node-bindings": "1.3.2-alpha.26"
            }
        },
        "node_modules/@duckdb/node-bindings": {
            "version": "1.3.2-alpha.26",
            "resolved": "https://registry.npmjs.org/@duckdb/node-bindings/-/node-bindings-1.3.2-alpha.26.tgz",
            "integrity": "sha512-066o5XrzesZnF/qhNlpmFwDxvIXNYQWr48bjw/ecyLfUcpcvqE0MyL1/zV5oScfcf7hSd/dSntRVzUnQmJCwXg==",
            "license": "MIT",
            "optionalDependencies": {
                "@duckdb/node-bindings-darwin-arm64": "1.3.2-alpha.26",
                "@duckdb/node-bindings-darwin-x64": "1.3.2-alpha.26",
                "@duckdb/node-bindings-linux-arm64": "1.3.2-alpha.26",
                "@duckdb/node-bindings-linux-x64": "1.3.2-alpha.26",
                "@duckdb/node-bindings-win32-x64": "1.3.2-alpha.26"
            }
        },
        "node_modules/@duckdb/node-bindings-darwin-arm64": {
            "version": "1.3.2-alpha.26",
            "resolved": "https://registry.npmjs.org/@duckdb/node-bindings-darwin-arm64/-/node-bindings-darwin-arm64-1.3.2-alpha.26.tgz",
            "integrity": "sha512-SioksFdehT2TWuGx6otWM2bCJ6kjD4Nq9r6xHCA4gvko1MBESIm+XhwvwcnGx2IaXTzKRZ+DPxNTPobPX18lpQ==",
            "cpu": [
                "arm64"
            ],
            "license": "MIT",
            "optional": true,
            "os": [
                "darwin"
            ]
        },
        "node_modules/@duckdb/node-bindings-darwin-x64": {
            "version": "1.3.2-alpha.26",
            "resolved": "https://registry.npmjs.org/@duckdb/node-bindings-darwin-x64/-/node-bindings-darwin-x64-1.3.2-alpha.26.tgz",
            "integrity": "sha512-RZ1n2Vtzit8YLl9kjfuH17nZd5MOLZoWTlDo0rv2EuIgslC7XLbxK3ZH6jiUQ+VEGRZAjXWvwtPOFNvQQ3+LhQ==",
            "cpu": [
                "x64"
            ],
            "license": "MIT",
            "optional": true,
            "os": [
                "darwin"
            ]
        },
        "node_modules/@duckdb/node-bindings-linux-arm64": {
            "version": "1.3.2-alpha.26",
            "resolved": "https://registry.npmjs.org/@duckdb/node-bindings-linux-arm64/-/node-bindings-linux-arm64-1.3.2-alpha.26.tgz",
            "integrity": "sha512-vhHmoiQpkeXb0PbhsLEEmulG05BxO1elNhHVMLobdAwVfoGEPE3fZkH4bPgvTGywwZC7ccqMFwMjYTTOIIJvLg==",
            "cpu": [
                "arm64"
            ],
            "license": "MIT",
            "optional": true,
            "os": [
                "linux"
            ]
        },
        "node_modules/@duckdb/node-bindings-linux-x64": {
            "version": "1.3.2-alpha.26",
            "resolved": "https://registry.npmjs.org/@duckdb/node-bindings-linux-x64/-/node-bindings-linux-x64-1.3.2-alpha.26.tgz",
            "integrity": "sha512-tLzo/lGu5DXrDZhogI8N9ohhByU8UzGnBFFE/0blBuZ/g5SonvTL0yq1zE/NCkLSmDSBtqibz3ehZ1rZuBBQTQ==",
            "cpu": [
                "x64"
            ],
            "license": "MIT",
            "optional": true,
            "os": [
                "linux"
            ]
        },
        "node_modules/@duckdb/node-bindings-win32-x64": {
            "version": "1.3.2-alpha.26",
            "resolved": "https://registry.npmjs.org/@duckdb/node-bindings-win32-x64/-/node-bindings-win32-x64-1.3.2-alpha.26.tgz",
            "integrity": "sha512-wNZmvYgnkUS3/pC9RQNO6yJeI8EANxB5LAyERJMHtMKrF6LB1nTEYmFbSlVJQ9n10qtNxKv/fF47AAAovOnG6g==",
            "cpu": [
                "x64"
            ],
            "license": "MIT",
            "optional": true,
            "os": [
                "win32"
            ]
        }
    }
}
