{
    "name": "duckdb-memory-leak-test",
    "version": "1.0.0",
    "lockfileVersion": 3,
    "requires": true,
    "packages": {
        "": {
            "name": "duckdb-memory-leak-test",
            "version": "1.0.0",
            "license": "MIT",
            "dependencies": {
                "@duckdb/node-api": "^1.2.0-alpha.14"
            },
            "engines": {
                "node": ">=18.0.0"
            }
        },
        "node_modules/@duckdb/node-api": {
            "version": "1.2.0-alpha.15",
            "resolved": "https://registry.npmjs.org/@duckdb/node-api/-/node-api-1.2.0-alpha.15.tgz",
            "integrity": "sha512-XFnBcl3qe9FwFXAxHriGB59VbEpu3a7Xk7JSYCQI+N7i40O0FyEplgLxlkJKjSoKAlMJyA64MhBF6HbBCRMoCg==",
            "license": "MIT",
            "dependencies": {
                "@duckdb/node-bindings": "1.2.0-alpha.15"
            }
        },
        "node_modules/@duckdb/node-bindings": {
            "version": "1.2.0-alpha.15",
            "resolved": "https://registry.npmjs.org/@duckdb/node-bindings/-/node-bindings-1.2.0-alpha.15.tgz",
            "integrity": "sha512-HJYfXbMaFRMkOI2dCxgBo9gMeXoe+BlieCI19U2f9fdrwWU2/nwAPHYxvtJJBPJ33eHCzA1ubJBtLsmXXujZSQ==",
            "license": "MIT",
            "optionalDependencies": {
                "@duckdb/node-bindings-darwin-arm64": "1.2.0-alpha.15",
                "@duckdb/node-bindings-darwin-x64": "1.2.0-alpha.15",
                "@duckdb/node-bindings-linux-arm64": "1.2.0-alpha.15",
                "@duckdb/node-bindings-linux-x64": "1.2.0-alpha.15",
                "@duckdb/node-bindings-win32-x64": "1.2.0-alpha.15"
            }
        },
        "node_modules/@duckdb/node-bindings-darwin-arm64": {
            "version": "1.2.0-alpha.15",
            "resolved": "https://registry.npmjs.org/@duckdb/node-bindings-darwin-arm64/-/node-bindings-darwin-arm64-1.2.0-alpha.15.tgz",
            "integrity": "sha512-gcUI8e7x55Kh3T5ir5s91IqlsCgkKSsyEfDfPKW0w4PHctgKlod76uoBZMbmtx1vrFSW8ml1vLddWVOYDZH53g==",
            "cpu": [
                "arm64"
            ],
            "license": "MIT",
            "optional": true,
            "os": [
                "darwin"
            ]
        },
        "node_modules/@duckdb/node-bindings-darwin-x64": {
            "version": "1.2.0-alpha.15",
            "resolved": "https://registry.npmjs.org/@duckdb/node-bindings-darwin-x64/-/node-bindings-darwin-x64-1.2.0-alpha.15.tgz",
            "integrity": "sha512-rzx37eaeN4xKN7S06lES2lrT3mD8YHJq5l1pk8b0OevUa8WO5LW/kW3KrX2pkGqWq4E5b2MVLwH5Yhv6MN00jg==",
            "cpu": [
                "x64"
            ],
            "license": "MIT",
            "optional": true,
            "os": [
                "darwin"
            ]
        },
        "node_modules/@duckdb/node-bindings-linux-arm64": {
            "version": "1.2.0-alpha.15",
            "resolved": "https://registry.npmjs.org/@duckdb/node-bindings-linux-arm64/-/node-bindings-linux-arm64-1.2.0-alpha.15.tgz",
            "integrity": "sha512-fPDSjLa1CLJ8Wydbfoc/Mwxs8z0+/xSCfkFml1/mI9u+qXqXj00Sccyjxufm5oy3kqiyvGc5dPygGKN5OuXwaA==",
            "cpu": [
                "arm64"
            ],
            "license": "MIT",
            "optional": true,
            "os": [
                "linux"
            ]
        },
        "node_modules/@duckdb/node-bindings-linux-x64": {
            "version": "1.2.0-alpha.15",
            "resolved": "https://registry.npmjs.org/@duckdb/node-bindings-linux-x64/-/node-bindings-linux-x64-1.2.0-alpha.15.tgz",
            "integrity": "sha512-Fl4MKgpwBw9SKhci3EXnOKGBxcZw6nwSg481FkqPH3cMe2Qu6AbVhORVSgoacIWFQe7srVbd37fWKd+uM1bvqg==",
            "cpu": [
                "x64"
            ],
            "license": "MIT",
            "optional": true,
            "os": [
                "linux"
            ]
        },
        "node_modules/@duckdb/node-bindings-win32-x64": {
            "version": "1.2.0-alpha.15",
            "resolved": "https://registry.npmjs.org/@duckdb/node-bindings-win32-x64/-/node-bindings-win32-x64-1.2.0-alpha.15.tgz",
            "integrity": "sha512-OueDaXe+zalmTz4Qiy6hfNkRIzVkOxLZj+l6OqsAx040hJVUCy8yDqRq1J7a1IzfiEobxBU4WBWGQEEyva/TqA==",
            "cpu": [
                "x64"
            ],
            "license": "MIT",
            "optional": true,
            "os": [
                "win32"
            ]
        }
    }
}
